
Microsoft Visual Studio Solution File, Format Version 12.00
# Visual Studio Version 16
VisualStudioVersion = 16.0.30204.135
MinimumVisualStudioVersion = 10.0.40219.1
Project("{FAE04EC0-301F-11D3-BF4B-00C04F79EFBC}") = "Test-20211109", "Test-20211109\Test-20211109.csproj", "{5A70AAB0-9C85-44A4-8203-8C5856F5FF0A}"
EndProject
Global
	GlobalSection(SolutionConfigurationPlatforms) = preSolution
		Debug|Any CPU = Debug|Any CPU
		Release|Any CPU = Release|Any CPU
	EndGlobalSection
	GlobalSection(ProjectConfigurationPlatforms) = postSolution
		{5A70AAB0-9C85-44A4-8203-8C5856F5FF0A}.Debug|Any CPU.ActiveCfg = Debug|Any CPU
		{5A70AAB0-9C85-44A4-8203-8C5856F5FF0A}.Debug|Any CPU.Build.0 = Debug|Any CPU
		{5A70AAB0-9C85-44A4-8203-8C5856F5FF0A}.Release|Any CPU.ActiveCfg = Release|Any CPU
		{5A70AAB0-9C85-44A4-8203-8C5856F5FF0A}.Release|Any CPU.Build.0 = Release|Any CPU
	EndGlobalSection
	GlobalSection(SolutionProperties) = preSolution
		HideSolutionNode = FALSE
	EndGlobalSection
	GlobalSection(ExtensibilityGlobals) = postSolution
		SolutionGuid = {5CBD6AA3-9482-46C3-B4A6-52403AD02C0F}
	EndGlobalSection
EndGlobal
